
Microsoft Visual Studio Solution File, Format Version 12.00
# Visual Studio Version 16
VisualStudioVersion = 16.0.30204.135
MinimumVisualStudioVersion = 10.0.40219.1
Project("{FAE04EC0-301F-11D3-BF4B-00C04F79EFBC}") = "vasAndDataTypes", "vasAndDataTypes\vasAndDataTypes.csproj", "{61625D12-C6EF-446D-9DBC-B2D68ACD1BEA}"
EndProject
Global
	GlobalSection(SolutionConfigurationPlatforms) = preSolution
		Debug|Any CPU = Debug|Any CPU
		Release|Any CPU = Release|Any CPU
	EndGlobalSection
	GlobalSection(ProjectConfigurationPlatforms) = postSolution
		{61625D12-C6EF-446D-9DBC-B2D68ACD1BEA}.Debug|Any CPU.ActiveCfg = Debug|Any CPU
		{61625D12-C6EF-446D-9DBC-B2D68ACD1BEA}.Debug|Any CPU.Build.0 = Debug|Any CPU
		{61625D12-C6EF-446D-9DBC-B2D68ACD1BEA}.Release|Any CPU.ActiveCfg = Release|Any CPU
		{61625D12-C6EF-446D-9DBC-B2D68ACD1BEA}.Release|Any CPU.Build.0 = Release|Any CPU
	EndGlobalSection
	GlobalSection(SolutionProperties) = preSolution
		HideSolutionNode = FALSE
	EndGlobalSection
	GlobalSection(ExtensibilityGlobals) = postSolution
		SolutionGuid = {A5869482-60C7-4586-91C9-AC1E412907F3}
	EndGlobalSection
EndGlobal
